
Microsoft Visual Studio Solution File, Format Version 12.00
# Visual Studio Version 17
VisualStudioVersion = 17.10.35013.160
MinimumVisualStudioVersion = 10.0.40219.1
Project("{FAE04EC0-301F-11D3-BF4B-00C04F79EFBC}") = "WebAppNatale", "WebAppNatale\WebAppNatale.csproj", "{F66CCE11-A6F0-49BF-9231-3A7166F41406}"
EndProject
Global
	GlobalSection(SolutionConfigurationPlatforms) = preSolution
		Debug|Any CPU = Debug|Any CPU
		Release|Any CPU = Release|Any CPU
	EndGlobalSection
	GlobalSection(ProjectConfigurationPlatforms) = postSolution
		{F66CCE11-A6F0-49BF-9231-3A7166F41406}.Debug|Any CPU.ActiveCfg = Debug|Any CPU
		{F66CCE11-A6F0-49BF-9231-3A7166F41406}.Debug|Any CPU.Build.0 = Debug|Any CPU
		{F66CCE11-A6F0-49BF-9231-3A7166F41406}.Release|Any CPU.ActiveCfg = Release|Any CPU
		{F66CCE11-A6F0-49BF-9231-3A7166F41406}.Release|Any CPU.Build.0 = Release|Any CPU
	EndGlobalSection
	GlobalSection(SolutionProperties) = preSolution
		HideSolutionNode = FALSE
	EndGlobalSection
	GlobalSection(ExtensibilityGlobals) = postSolution
		SolutionGuid = {7DE794DA-2DB5-48A7-899E-02414DF3F5CA}
	EndGlobalSection
EndGlobal
